uuid: a9ec1663-f946-45fd-b80f-6b5f1e8cbf58
langcode: es
status: true
dependencies:
  module:
    - rsvplist
  theme:
    - bs_sass
id: bs_sass_thersvpblock
theme: bs_sass
region: sidebar_first
weight: 0
provider: null
plugin: rsvp_block
settings:
  id: rsvp_block
  label: 'The RSVP Block'
  label_display: visible
  provider: rsvplist
visibility: {  }
